
Microsoft Visual Studio Solution File, Format Version 12.00
# Visual Studio Version 17
VisualStudioVersion = 17.12.35728.132 d17.12
MinimumVisualStudioVersion = 10.0.40219.1
Project("{FAE04EC0-301F-11D3-BF4B-00C04F79EFBC}") = "PostgresProject", "PostgresProject\PostgresProject.csproj", "{D54EF91C-082C-4EA8-A16F-D3983E3EDF6A}"
EndProject
Project("{FAE04EC0-301F-11D3-BF4B-00C04F79EFBC}") = "Animal.Infrastructure", "Animal.Infrastructure\Animal.Infrastructure.csproj", "{1FFF36A5-BFB6-4C39-90A8-1DAA274879A2}"
EndProject
Global
	GlobalSection(SolutionConfigurationPlatforms) = preSolution
		Debug|Any CPU = Debug|Any CPU
		Release|Any CPU = Release|Any CPU
	EndGlobalSection
	GlobalSection(ProjectConfigurationPlatforms) = postSolution
		{D54EF91C-082C-4EA8-A16F-D3983E3EDF6A}.Debug|Any CPU.ActiveCfg = Debug|Any CPU
		{D54EF91C-082C-4EA8-A16F-D3983E3EDF6A}.Debug|Any CPU.Build.0 = Debug|Any CPU
		{D54EF91C-082C-4EA8-A16F-D3983E3EDF6A}.Release|Any CPU.ActiveCfg = Release|Any CPU
		{D54EF91C-082C-4EA8-A16F-D3983E3EDF6A}.Release|Any CPU.Build.0 = Release|Any CPU
		{1FFF36A5-BFB6-4C39-90A8-1DAA274879A2}.Debug|Any CPU.ActiveCfg = Debug|Any CPU
		{1FFF36A5-BFB6-4C39-90A8-1DAA274879A2}.Debug|Any CPU.Build.0 = Debug|Any CPU
		{1FFF36A5-BFB6-4C39-90A8-1DAA274879A2}.Release|Any CPU.ActiveCfg = Release|Any CPU
		{1FFF36A5-BFB6-4C39-90A8-1DAA274879A2}.Release|Any CPU.Build.0 = Release|Any CPU
	EndGlobalSection
	GlobalSection(SolutionProperties) = preSolution
		HideSolutionNode = FALSE
	EndGlobalSection
EndGlobal
